
Microsoft Visual Studio Solution File, Format Version 12.00
# Visual Studio Version 17
VisualStudioVersion = 17.3.32929.385
MinimumVisualStudioVersion = 10.0.40219.1
Project("{8BC9CEB8-8B4A-11D0-8D11-00A0C91BC942}") = "nogo", "nogo.vcxproj", "{244CF09B-00C0-4392-8F3C-44074DBF6072}"
EndProject
Project("{8BC9CEB8-8B4A-11D0-8D11-00A0C91BC942}") = "c_mcts", "botzone\botzone.vcxproj", "{556797DC-8BBE-4656-B2FD-2657FFD842C1}"
EndProject
Global
	GlobalSection(SolutionConfigurationPlatforms) = preSolution
		Debug|x64 = Debug|x64
		Debug|x86 = Debug|x86
		Release|x64 = Release|x64
		Release|x86 = Release|x86
	EndGlobalSection
	GlobalSection(ProjectConfigurationPlatforms) = postSolution
		{244CF09B-00C0-4392-8F3C-44074DBF6072}.Debug|x64.ActiveCfg = Debug|x64
		{244CF09B-00C0-4392-8F3C-44074DBF6072}.Debug|x64.Build.0 = Debug|x64
		{244CF09B-00C0-4392-8F3C-44074DBF6072}.Debug|x86.ActiveCfg = Debug|Win32
		{244CF09B-00C0-4392-8F3C-44074DBF6072}.Debug|x86.Build.0 = Debug|Win32
		{244CF09B-00C0-4392-8F3C-44074DBF6072}.Release|x64.ActiveCfg = Release|x64
		{244CF09B-00C0-4392-8F3C-44074DBF6072}.Release|x64.Build.0 = Release|x64
		{244CF09B-00C0-4392-8F3C-44074DBF6072}.Release|x86.ActiveCfg = Release|Win32
		{244CF09B-00C0-4392-8F3C-44074DBF6072}.Release|x86.Build.0 = Release|Win32
		{556797DC-8BBE-4656-B2FD-2657FFD842C1}.Debug|x64.ActiveCfg = Debug|x64
		{556797DC-8BBE-4656-B2FD-2657FFD842C1}.Debug|x64.Build.0 = Debug|x64
		{556797DC-8BBE-4656-B2FD-2657FFD842C1}.Debug|x86.ActiveCfg = Debug|Win32
		{556797DC-8BBE-4656-B2FD-2657FFD842C1}.Debug|x86.Build.0 = Debug|Win32
		{556797DC-8BBE-4656-B2FD-2657FFD842C1}.Release|x64.ActiveCfg = Release|x64
		{556797DC-8BBE-4656-B2FD-2657FFD842C1}.Release|x64.Build.0 = Release|x64
		{556797DC-8BBE-4656-B2FD-2657FFD842C1}.Release|x86.ActiveCfg = Release|Win32
		{556797DC-8BBE-4656-B2FD-2657FFD842C1}.Release|x86.Build.0 = Release|Win32
	EndGlobalSection
	GlobalSection(SolutionProperties) = preSolution
		HideSolutionNode = FALSE
	EndGlobalSection
	GlobalSection(ExtensibilityGlobals) = postSolution
		SolutionGuid = {DA67385E-8627-4E73-9C92-EE0DC4666AD7}
	EndGlobalSection
EndGlobal
